schema: '2.0'
stages:
  data_ingestion:
    cmd: python src/data_ingestion.py
    deps:
    - path: src/data_ingestion.py
      hash: md5
      md5: 78ca7fb91086c44c178b516a0648a146
      size: 3904
    params:
      params.yaml:
        data_ingestion.test_size: 0.15
    outs:
    - path: data/raw
      hash: md5
      md5: e0ca0360b13b8deedbf58bd1670a9a90.dir
      size: 484846
      nfiles: 2
  data_preprocessing:
    cmd: python src/data_preprocessing.py
    deps:
    - path: data/raw
      hash: md5
      md5: e0ca0360b13b8deedbf58bd1670a9a90.dir
      size: 484846
      nfiles: 2
    - path: src/data_preprocessing.py
      hash: md5
      md5: 5be4cfaf469aea82aa146b104f52e481
      size: 3909
    outs:
    - path: data/interim
      hash: md5
      md5: ecbb5444bc1b05a3b554ca0e1610040f.dir
      size: 260945
      nfiles: 2
  feature_engineering:
    cmd: python src/feature_engineering.py
    deps:
    - path: data/interim
      hash: md5
      md5: ecbb5444bc1b05a3b554ca0e1610040f.dir
      size: 260945
      nfiles: 2
    - path: src/feature_engineering.py
      hash: md5
      md5: d977f8e76267ca2fa28247731848d915
      size: 3920
    params:
      params.yaml:
        feature_engineering.max_features: 75
    outs:
    - path: data/processed
      hash: md5
      md5: a8e60c52eeb94970be3c7af601f31898.dir
      size: 1748298
      nfiles: 2
  model_building:
    cmd: python src/model_building.py
    deps:
    - path: data/processed
      hash: md5
      md5: a8e60c52eeb94970be3c7af601f31898.dir
      size: 1748298
      nfiles: 2
    - path: src/model_building.py
      hash: md5
      md5: fa5c8e2b7c62e538ec4b1062fda2ca65
      size: 4509
    params:
      params.yaml:
        model_building.n_estimators: 20
        model_building.random_state: 42
    outs:
    - path: models/model.pkl
      hash: md5
      md5: 320d570653c4c249bd0c975155574b6a
      size: 1044030
  model_evaluation:
    cmd: python src/model_evaluation.py
    deps:
    - path: models/model.pkl
      hash: md5
      md5: 320d570653c4c249bd0c975155574b6a
      size: 1044030
    - path: src/model_evaluation.py
      hash: md5
      md5: 15ac62fcb2de43ede1433a498d7f968a
      size: 4709
    outs:
    - path: reports/metrics.json
      hash: md5
      md5: 36a16c3d045867ec28e1193b35e636d4
      size: 144
